
Microsoft Visual Studio Solution File, Format Version 12.00
# Visual Studio 15
VisualStudioVersion = 15.0.27703.2042
MinimumVisualStudioVersion = 10.0.40219.1
Project("{8BC9CEB8-8B4A-11D0-8D11-00A0C91BC942}") = "WinSmartisanKey", "WinAppleKey\WinAppleKey.vcxproj", "{66B51E72-5BBA-4FF2-85C5-3F923B98C156}"
EndProject
Project("{2150E333-8FDC-42A3-9474-1A3956D46DE8}") = "Solution Items", "Solution Items", "{A98F64D4-FB23-4B9F-A846-643547083C0F}"
	ProjectSection(SolutionItems) = preProject
		README.md = README.md
	EndProjectSection
EndProject
Global
	GlobalSection(SolutionConfigurationPlatforms) = preSolution
		Debug|Win32 = Debug|Win32
		Debug|x64 = Debug|x64
		Debug|x86 = Debug|x86
		Release|Win32 = Release|Win32
		Release|x64 = Release|x64
		Release|x86 = Release|x86
	EndGlobalSection
	GlobalSection(ProjectConfigurationPlatforms) = postSolution
		{66B51E72-5BBA-4FF2-85C5-3F923B98C156}.Debug|Win32.ActiveCfg = Debug|Win32
		{66B51E72-5BBA-4FF2-85C5-3F923B98C156}.Debug|Win32.Build.0 = Debug|Win32
		{66B51E72-5BBA-4FF2-85C5-3F923B98C156}.Debug|x64.ActiveCfg = Debug|x64
		{66B51E72-5BBA-4FF2-85C5-3F923B98C156}.Debug|x64.Build.0 = Debug|x64
		{66B51E72-5BBA-4FF2-85C5-3F923B98C156}.Debug|x64.Deploy.0 = Debug|x64
		{66B51E72-5BBA-4FF2-85C5-3F923B98C156}.Debug|x86.ActiveCfg = Debug|Win32
		{66B51E72-5BBA-4FF2-85C5-3F923B98C156}.Debug|x86.Build.0 = Debug|Win32
		{66B51E72-5BBA-4FF2-85C5-3F923B98C156}.Release|Win32.ActiveCfg = Release|Win32
		{66B51E72-5BBA-4FF2-85C5-3F923B98C156}.Release|Win32.Build.0 = Release|Win32
		{66B51E72-5BBA-4FF2-85C5-3F923B98C156}.Release|Win32.Deploy.0 = Release|Win32
		{66B51E72-5BBA-4FF2-85C5-3F923B98C156}.Release|x64.ActiveCfg = Release|x64
		{66B51E72-5BBA-4FF2-85C5-3F923B98C156}.Release|x64.Build.0 = Release|x64
		{66B51E72-5BBA-4FF2-85C5-3F923B98C156}.Release|x64.Deploy.0 = Release|x64
		{66B51E72-5BBA-4FF2-85C5-3F923B98C156}.Release|x86.ActiveCfg = Release|Win32
		{66B51E72-5BBA-4FF2-85C5-3F923B98C156}.Release|x86.Build.0 = Release|Win32
		{66B51E72-5BBA-4FF2-85C5-3F923B98C156}.Release|x86.Deploy.0 = Release|Win32
	EndGlobalSection
	GlobalSection(SolutionProperties) = preSolution
		HideSolutionNode = FALSE
	EndGlobalSection
	GlobalSection(ExtensibilityGlobals) = postSolution
		SolutionGuid = {F86EC95A-FF99-46A0-8586-33C9386C5348}
	EndGlobalSection
EndGlobal
